
Microsoft Visual Studio Solution File, Format Version 12.00
# Visual Studio Version 17
VisualStudioVersion = 17.13.35931.197 d17.13
MinimumVisualStudioVersion = 10.0.40219.1
Project("{FAE04EC0-301F-11D3-BF4B-00C04F79EFBC}") = "WinFormsUsuariosAPI", "WinFormsUsuariosAPI.csproj", "{7B0B4AFE-CDBA-4019-B14C-107A450ADC3D}"
EndProject
Global
	GlobalSection(SolutionConfigurationPlatforms) = preSolution
		Debug|Any CPU = Debug|Any CPU
		Release|Any CPU = Release|Any CPU
	EndGlobalSection
	GlobalSection(ProjectConfigurationPlatforms) = postSolution
		{7B0B4AFE-CDBA-4019-B14C-107A450ADC3D}.Debug|Any CPU.ActiveCfg = Debug|Any CPU
		{7B0B4AFE-CDBA-4019-B14C-107A450ADC3D}.Debug|Any CPU.Build.0 = Debug|Any CPU
		{7B0B4AFE-CDBA-4019-B14C-107A450ADC3D}.Release|Any CPU.ActiveCfg = Release|Any CPU
		{7B0B4AFE-CDBA-4019-B14C-107A450ADC3D}.Release|Any CPU.Build.0 = Release|Any CPU
	EndGlobalSection
	GlobalSection(SolutionProperties) = preSolution
		HideSolutionNode = FALSE
	EndGlobalSection
	GlobalSection(ExtensibilityGlobals) = postSolution
		SolutionGuid = {3342601B-2E80-48EA-ADD2-183F09BA93A0}
	EndGlobalSection
EndGlobal
